// !$*UTF8*$!
{
	archiveVersion = 1;
	classes = {
	};
	objectVersion = 50;
	objects = {

/* Begin PBXBuildFile section */
		549AE63424DA607E004C6F1E /* AppDelegate.swift in Sources */ = {isa = PBXBuildFile; fileRef = 549AE63324DA607E004C6F1E /* AppDelegate.swift */; };
		549AE63624DA607E004C6F1E /* SceneDelegate.swift in Sources */ = {isa = PBXBuildFile; fileRef = 549AE63524DA607E004C6F1E /* SceneDelegate.swift */; };
		549AE63B24DA607E004C6F1E /* Main.storyboard in Resources */ = {isa = PBXBuildFile; fileRef = 549AE63924DA607E004C6F1E /* Main.storyboard */; };
		549AE63D24DA6080004C6F1E /* Assets.xcassets in Resources */ = {isa = PBXBuildFile; fileRef = 549AE63C24DA6080004C6F1E /* Assets.xcassets */; };
		549AE64024DA6080004C6F1E /* LaunchScreen.storyboard in Resources */ = {isa = PBXBuildFile; fileRef = 549AE63E24DA6080004C6F1E /* LaunchScreen.storyboard */; };
		549AE65724DA9071004C6F1E /* MainTabController.swift in Sources */ = {isa = PBXBuildFile; fileRef = 549AE65624DA9071004C6F1E /* MainTabController.swift */; };
		549AE66124DA94E1004C6F1E /* FeedController.swift in Sources */ = {isa = PBXBuildFile; fileRef = 549AE66024DA94E1004C6F1E /* FeedController.swift */; };
		549AE66324DA94F6004C6F1E /* ExploreController.swift in Sources */ = {isa = PBXBuildFile; fileRef = 549AE66224DA94F6004C6F1E /* ExploreController.swift */; };
		549AE66524DA94FF004C6F1E /* NotificationsController.swift in Sources */ = {isa = PBXBuildFile; fileRef = 549AE66424DA94FF004C6F1E /* NotificationsController.swift */; };
		549AE66724DA9508004C6F1E /* ConversationsController.swift in Sources */ = {isa = PBXBuildFile; fileRef = 549AE66624DA9508004C6F1E /* ConversationsController.swift */; };
		549AE66924DA9EC0004C6F1E /* Extensions.swift in Sources */ = {isa = PBXBuildFile; fileRef = 549AE66824DA9EC0004C6F1E /* Extensions.swift */; };
		549AE66C24DAB2E6004C6F1E /* LoginController.swift in Sources */ = {isa = PBXBuildFile; fileRef = 549AE66B24DAB2E6004C6F1E /* LoginController.swift */; };
/* End PBXBuildFile section */

/* Begin PBXFileReference section */
		549AE63024DA607E004C6F1E /* TwitterClone.app */ = {isa = PBXFileReference; explicitFileType = wrapper.application; includeInIndex = 0; path = TwitterClone.app; sourceTree = BUILT_PRODUCTS_DIR; };
		549AE63324DA607E004C6F1E /* AppDelegate.swift */ = {isa = PBXFileReference; lastKnownFileType = sourcecode.swift; path = AppDelegate.swift; sourceTree = "<group>"; };
		549AE63524DA607E004C6F1E /* SceneDelegate.swift */ = {isa = PBXFileReference; lastKnownFileType = sourcecode.swift; path = SceneDelegate.swift; sourceTree = "<group>"; };
		549AE63A24DA607E004C6F1E /* Base */ = {isa = PBXFileReference; lastKnownFileType = file.storyboard; name = Base; path = Base.lproj/Main.storyboard; sourceTree = "<group>"; };
		549AE63C24DA6080004C6F1E /* Assets.xcassets */ = {isa = PBXFileReference; lastKnownFileType = folder.assetcatalog; path = Assets.xcassets; sourceTree = "<group>"; };
		549AE63F24DA6080004C6F1E /* Base */ = {isa = PBXFileReference; lastKnownFileType = file.storyboard; name = Base; path = Base.lproj/LaunchScreen.storyboard; sourceTree = "<group>"; };
		549AE64124DA6080004C6F1E /* Info.plist */ = {isa = PBXFileReference; lastKnownFileType = text.plist.xml; path = Info.plist; sourceTree = "<group>"; };
		549AE65624DA9071004C6F1E /* MainTabController.swift */ = {isa = PBXFileReference; lastKnownFileType = sourcecode.swift; path = MainTabController.swift; sourceTree = "<group>"; };
		549AE66024DA94E1004C6F1E /* FeedController.swift */ = {isa = PBXFileReference; lastKnownFileType = sourcecode.swift; path = FeedController.swift; sourceTree = "<group>"; };
		549AE66224DA94F6004C6F1E /* ExploreController.swift */ = {isa = PBXFileReference; lastKnownFileType = sourcecode.swift; path = ExploreController.swift; sourceTree = "<group>"; };
		549AE66424DA94FF004C6F1E /* NotificationsController.swift */ = {isa = PBXFileReference; lastKnownFileType = sourcecode.swift; path = NotificationsController.swift; sourceTree = "<group>"; };
		549AE66624DA9508004C6F1E /* ConversationsController.swift */ = {isa = PBXFileReference; lastKnownFileType = sourcecode.swift; path = ConversationsController.swift; sourceTree = "<group>"; };
		549AE66824DA9EC0004C6F1E /* Extensions.swift */ = {isa = PBXFileReference; lastKnownFileType = sourcecode.swift; path = Extensions.swift; sourceTree = "<group>"; };
		549AE66B24DAB2E6004C6F1E /* LoginController.swift */ = {isa = PBXFileReference; lastKnownFileType = sourcecode.swift; path = LoginController.swift; sourceTree = "<group>"; };
/* End PBXFileReference section */

/* Begin PBXFrameworksBuildPhase section */
		549AE62D24DA607E004C6F1E /* Frameworks */ = {
			isa = PBXFrameworksBuildPhase;
			buildActionMask = 2147483647;
			files = (
			);
			runOnlyForDeploymentPostprocessing = 0;
		};
/* End PBXFrameworksBuildPhase section */

/* Begin PBXGroup section */
		549AE62724DA607E004C6F1E = {
			isa = PBXGroup;
			children = (
				549AE63224DA607E004C6F1E /* TwitterClone */,
				549AE63124DA607E004C6F1E /* Products */,
			);
			sourceTree = "<group>";
		};
		549AE63124DA607E004C6F1E /* Products */ = {
			isa = PBXGroup;
			children = (
				549AE63024DA607E004C6F1E /* TwitterClone.app */,
			);
			name = Products;
			sourceTree = "<group>";
		};
		549AE63224DA607E004C6F1E /* TwitterClone */ = {
			isa = PBXGroup;
			children = (
				549AE65024DA8FAE004C6F1E /* Model */,
				549AE65524DA8FCC004C6F1E /* View */,
				549AE65224DA8FB7004C6F1E /* ViewModel */,
				549AE65124DA8FB2004C6F1E /* Controller */,
				549AE65324DA8FBD004C6F1E /* API */,
				549AE65424DA8FBF004C6F1E /* Utils */,
				549AE63324DA607E004C6F1E /* AppDelegate.swift */,
				549AE63524DA607E004C6F1E /* SceneDelegate.swift */,
				549AE63924DA607E004C6F1E /* Main.storyboard */,
				549AE63C24DA6080004C6F1E /* Assets.xcassets */,
				549AE63E24DA6080004C6F1E /* LaunchScreen.storyboard */,
				549AE64124DA6080004C6F1E /* Info.plist */,
			);
			path = TwitterClone;
			sourceTree = "<group>";
		};
		549AE65024DA8FAE004C6F1E /* Model */ = {
			isa = PBXGroup;
			children = (
			);
			path = Model;
			sourceTree = "<group>";
		};
		549AE65124DA8FB2004C6F1E /* Controller */ = {
			isa = PBXGroup;
			children = (
				549AE66A24DAB2D7004C6F1E /* Authentication */,
				549AE65624DA9071004C6F1E /* MainTabController.swift */,
				549AE66024DA94E1004C6F1E /* FeedController.swift */,
				549AE66224DA94F6004C6F1E /* ExploreController.swift */,
				549AE66424DA94FF004C6F1E /* NotificationsController.swift */,
				549AE66624DA9508004C6F1E /* ConversationsController.swift */,
			);
			path = Controller;
			sourceTree = "<group>";
		};
		549AE65224DA8FB7004C6F1E /* ViewModel */ = {
			isa = PBXGroup;
			children = (
			);
			path = ViewModel;
			sourceTree = "<group>";
		};
		549AE65324DA8FBD004C6F1E /* API */ = {
			isa = PBXGroup;
			children = (
			);
			path = API;
			sourceTree = "<group>";
		};
		549AE65424DA8FBF004C6F1E /* Utils */ = {
			isa = PBXGroup;
			children = (
				549AE66824DA9EC0004C6F1E /* Extensions.swift */,
			);
			path = Utils;
			sourceTree = "<group>";
		};
		549AE65524DA8FCC004C6F1E /* View */ = {
			isa = PBXGroup;
			children = (
			);
			path = View;
			sourceTree = "<group>";
		};
		549AE66A24DAB2D7004C6F1E /* Authentication */ = {
			isa = PBXGroup;
			children = (
				549AE66B24DAB2E6004C6F1E /* LoginController.swift */,
			);
			path = Authentication;
			sourceTree = "<group>";
		};
/* End PBXGroup section */

/* Begin PBXNativeTarget section */
		549AE62F24DA607E004C6F1E /* TwitterClone */ = {
			isa = PBXNativeTarget;
			buildConfigurationList = 549AE64424DA6080004C6F1E /* Build configuration list for PBXNativeTarget "TwitterClone" */;
			buildPhases = (
				549AE62C24DA607E004C6F1E /* Sources */,
				549AE62D24DA607E004C6F1E /* Frameworks */,
				549AE62E24DA607E004C6F1E /* Resources */,
			);
			buildRules = (
			);
			dependencies = (
			);
			name = TwitterClone;
			productName = TwitterClone;
			productReference = 549AE63024DA607E004C6F1E /* TwitterClone.app */;
			productType = "com.apple.product-type.application";
		};
/* End PBXNativeTarget section */

/* Begin PBXProject section */
		549AE62824DA607E004C6F1E /* Project object */ = {
			isa = PBXProject;
			attributes = {
				LastSwiftUpdateCheck = 1160;
				LastUpgradeCheck = 1160;
				ORGANIZATIONNAME = "David";
				TargetAttributes = {
					549AE62F24DA607E004C6F1E = {
						CreatedOnToolsVersion = 11.6;
					};
				};
			};
			buildConfigurationList = 549AE62B24DA607E004C6F1E /* Build configuration list for PBXProject "TwitterClone" */;
			compatibilityVersion = "Xcode 9.3";
			developmentRegion = en;
			hasScannedForEncodings = 0;
			knownRegions = (
				en,
				Base,
			);
			mainGroup = 549AE62724DA607E004C6F1E;
			productRefGroup = 549AE63124DA607E004C6F1E /* Products */;
			projectDirPath = "";
			projectRoot = "";
			targets = (
				549AE62F24DA607E004C6F1E /* TwitterClone */,
			);
		};
/* End PBXProject section */

/* Begin PBXResourcesBuildPhase section */
		549AE62E24DA607E004C6F1E /* Resources */ = {
			isa = PBXResourcesBuildPhase;
			buildActionMask = 2147483647;
			files = (
				549AE64024DA6080004C6F1E /* LaunchScreen.storyboard in Resources */,
				549AE63D24DA6080004C6F1E /* Assets.xcassets in Resources */,
				549AE63B24DA607E004C6F1E /* Main.storyboard in Resources */,
			);
			runOnlyForDeploymentPostprocessing = 0;
		};
/* End PBXResourcesBuildPhase section */

/* Begin PBXSourcesBuildPhase section */
		549AE62C24DA607E004C6F1E /* Sources */ = {
			isa = PBXSourcesBuildPhase;
			buildActionMask = 2147483647;
			files = (
				549AE66524DA94FF004C6F1E /* NotificationsController.swift in Sources */,
				549AE66724DA9508004C6F1E /* ConversationsController.swift in Sources */,
				549AE63424DA607E004C6F1E /* AppDelegate.swift in Sources */,
				549AE66924DA9EC0004C6F1E /* Extensions.swift in Sources */,
				549AE66C24DAB2E6004C6F1E /* LoginController.swift in Sources */,
				549AE66324DA94F6004C6F1E /* ExploreController.swift in Sources */,
				549AE63624DA607E004C6F1E /* SceneDelegate.swift in Sources */,
				549AE65724DA9071004C6F1E /* MainTabController.swift in Sources */,
				549AE66124DA94E1004C6F1E /* FeedController.swift in Sources */,
			);
			runOnlyForDeploymentPostprocessing = 0;
		};
/* End PBXSourcesBuildPhase section */

/* Begin PBXVariantGroup section */
		549AE63924DA607E004C6F1E /* Main.storyboard */ = {
			isa = PBXVariantGroup;
			children = (
				549AE63A24DA607E004C6F1E /* Base */,
			);
			name = Main.storyboard;
			sourceTree = "<group>";
		};
		549AE63E24DA6080004C6F1E /* LaunchScreen.storyboard */ = {
			isa = PBXVariantGroup;
			children = (
				549AE63F24DA6080004C6F1E /* Base */,
			);
			name = LaunchScreen.storyboard;
			sourceTree = "<group>";
		};
/* End PBXVariantGroup section */

/* Begin XCBuildConfiguration section */
		549AE64224DA6080004C6F1E /* Debug */ = {
			isa = XCBuildConfiguration;
			buildSettings = {
				ALWAYS_SEARCH_USER_PATHS = NO;
				CLANG_ANALYZER_NONNULL = YES;
				CLANG_ANALYZER_NUMBER_OBJECT_CONVERSION = YES_AGGRESSIVE;
				CLANG_CXX_LANGUAGE_STANDARD = "gnu++14";
				CLANG_CXX_LIBRARY = "libc++";
				CLANG_ENABLE_MODULES = YES;
				CLANG_ENABLE_OBJC_ARC = YES;
				CLANG_ENABLE_OBJC_WEAK = YES;
				CLANG_WARN_BLOCK_CAPTURE_AUTORELEASING = YES;
				CLANG_WARN_BOOL_CONVERSION = YES;
				CLANG_WARN_COMMA = YES;
				CLANG_WARN_CONSTANT_CONVERSION = YES;
				CLANG_WARN_DEPRECATED_OBJC_IMPLEMENTATIONS = YES;
				CLANG_WARN_DIRECT_OBJC_ISA_USAGE = YES_ERROR;
				CLANG_WARN_DOCUMENTATION_COMMENTS = YES;
				CLANG_WARN_EMPTY_BODY = YES;
				CLANG_WARN_ENUM_CONVERSION = YES;
				CLANG_WARN_INFINITE_RECURSION = YES;
				CLANG_WARN_INT_CONVERSION = YES;
				CLANG_WARN_NON_LITERAL_NULL_CONVERSION = YES;
				CLANG_WARN_OBJC_IMPLICIT_RETAIN_SELF = YES;
				CLANG_WARN_OBJC_LITERAL_CONVERSION = YES;
				CLANG_WARN_OBJC_ROOT_CLASS = YES_ERROR;
				CLANG_WARN_RANGE_LOOP_ANALYSIS = YES;
				CLANG_WARN_STRICT_PROTOTYPES = YES;
				CLANG_WARN_SUSPICIOUS_MOVE = YES;
				CLANG_WARN_UNGUARDED_AVAILABILITY = YES_AGGRESSIVE;
				CLANG_WARN_UNREACHABLE_CODE = YES;
				CLANG_WARN__DUPLICATE_METHOD_MATCH = YES;
				COPY_PHASE_STRIP = NO;
				DEBUG_INFORMATION_FORMAT = dwarf;
				ENABLE_STRICT_OBJC_MSGSEND = YES;
				ENABLE_TESTABILITY = YES;
				GCC_C_LANGUAGE_STANDARD = gnu11;
				GCC_DYNAMIC_NO_PIC = NO;
				GCC_NO_COMMON_BLOCKS = YES;
				GCC_OPTIMIZATION_LEVEL = 0;
				GCC_PREPROCESSOR_DEFINITIONS = (
					"DEBUG=1",
					"$(inherited)",
				);
				GCC_WARN_64_TO_32_BIT_CONVERSION = YES;
				GCC_WARN_ABOUT_RETURN_TYPE = YES_ERROR;
				GCC_WARN_UNDECLARED_SELECTOR = YES;
				GCC_WARN_UNINITIALIZED_AUTOS = YES_AGGRESSIVE;
				GCC_WARN_UNUSED_FUNCTION = YES;
				GCC_WARN_UNUSED_VARIABLE = YES;
				IPHONEOS_DEPLOYMENT_TARGET = 13.6;
				MTL_ENABLE_DEBUG_INFO = INCLUDE_SOURCE;
				MTL_FAST_MATH = YES;
				ONLY_ACTIVE_ARCH = YES;
				SDKROOT = iphoneos;
				SWIFT_ACTIVE_COMPILATION_CONDITIONS = DEBUG;
				SWIFT_OPTIMIZATION_LEVEL = "-Onone";
			};
			name = Debug;
		};
		549AE64324DA6080004C6F1E /* Release */ = {
			isa = XCBuildConfiguration;
			buildSettings = {
				ALWAYS_SEARCH_USER_PATHS = NO;
				CLANG_ANALYZER_NONNULL = YES;
				CLANG_ANALYZER_NUMBER_OBJECT_CONVERSION = YES_AGGRESSIVE;
				CLANG_CXX_LANGUAGE_STANDARD = "gnu++14";
				CLANG_CXX_LIBRARY = "libc++";
				CLANG_ENABLE_MODULES = YES;
				CLANG_ENABLE_OBJC_ARC = YES;
				CLANG_ENABLE_OBJC_WEAK = YES;
				CLANG_WARN_BLOCK_CAPTURE_AUTORELEASING = YES;
				CLANG_WARN_BOOL_CONVERSION = YES;
				CLANG_WARN_COMMA = YES;
				CLANG_WARN_CONSTANT_CONVERSION = YES;
				CLANG_WARN_DEPRECATED_OBJC_IMPLEMENTATIONS = YES;
				CLANG_WARN_DIRECT_OBJC_ISA_USAGE = YES_ERROR;
				CLANG_WARN_DOCUMENTATION_COMMENTS = YES;
				CLANG_WARN_EMPTY_BODY = YES;
				CLANG_WARN_ENUM_CONVERSION = YES;
				CLANG_WARN_INFINITE_RECURSION = YES;
				CLANG_WARN_INT_CONVERSION = YES;
				CLANG_WARN_NON_LITERAL_NULL_CONVERSION = YES;
				CLANG_WARN_OBJC_IMPLICIT_RETAIN_SELF = YES;
				CLANG_WARN_OBJC_LITERAL_CONVERSION = YES;
				CLANG_WARN_OBJC_ROOT_CLASS = YES_ERROR;
				CLANG_WARN_RANGE_LOOP_ANALYSIS = YES;
				CLANG_WARN_STRICT_PROTOTYPES = YES;
				CLANG_WARN_SUSPICIOUS_MOVE = YES;
				CLANG_WARN_UNGUARDED_AVAILABILITY = YES_AGGRESSIVE;
				CLANG_WARN_UNREACHABLE_CODE = YES;
				CLANG_WARN__DUPLICATE_METHOD_MATCH = YES;
				COPY_PHASE_STRIP = NO;
				DEBUG_INFORMATION_FORMAT = "dwarf-with-dsym";
				ENABLE_NS_ASSERTIONS = NO;
				ENABLE_STRICT_OBJC_MSGSEND = YES;
				GCC_C_LANGUAGE_STANDARD = gnu11;
				GCC_NO_COMMON_BLOCKS = YES;
				GCC_WARN_64_TO_32_BIT_CONVERSION = YES;
				GCC_WARN_ABOUT_RETURN_TYPE = YES_ERROR;
				GCC_WARN_UNDECLARED_SELECTOR = YES;
				GCC_WARN_UNINITIALIZED_AUTOS = YES_AGGRESSIVE;
				GCC_WARN_UNUSED_FUNCTION = YES;
				GCC_WARN_UNUSED_VARIABLE = YES;
				IPHONEOS_DEPLOYMENT_TARGET = 13.6;
				MTL_ENABLE_DEBUG_INFO = NO;
				MTL_FAST_MATH = YES;
				SDKROOT = iphoneos;
				SWIFT_COMPILATION_MODE = wholemodule;
				SWIFT_OPTIMIZATION_LEVEL = "-O";
				VALIDATE_PRODUCT = YES;
			};
			name = Release;
		};
		549AE64524DA6080004C6F1E /* Debug */ = {
			isa = XCBuildConfiguration;
			buildSettings = {
				ASSETCATALOG_COMPILER_APPICON_NAME = AppIcon;
				CODE_SIGN_STYLE = Automatic;
				DEVELOPMENT_TEAM = 2V2W2494TP;
				INFOPLIST_FILE = TwitterClone/Info.plist;
				LD_RUNPATH_SEARCH_PATHS = (
					"$(inherited)",
					"@executable_path/Frameworks",
				);
				PRODUCT_BUNDLE_IDENTIFIER = com.lmw.TwitterClone;
				PRODUCT_NAME = "$(TARGET_NAME)";
				SWIFT_VERSION = 5.0;
				TARGETED_DEVICE_FAMILY = "1,2";
			};
			name = Debug;
		};
		549AE64624DA6080004C6F1E /* Release */ = {
			isa = XCBuildConfiguration;
			buildSettings = {
				ASSETCATALOG_COMPILER_APPICON_NAME = AppIcon;
				CODE_SIGN_STYLE = Automatic;
				DEVELOPMENT_TEAM = 2V2W2494TP;
				INFOPLIST_FILE = TwitterClone/Info.plist;
				LD_RUNPATH_SEARCH_PATHS = (
					"$(inherited)",
					"@executable_path/Frameworks",
				);
				PRODUCT_BUNDLE_IDENTIFIER = com.lmw.TwitterClone;
				PRODUCT_NAME = "$(TARGET_NAME)";
				SWIFT_VERSION = 5.0;
				TARGETED_DEVICE_FAMILY = "1,2";
			};
			name = Release;
		};
/* End XCBuildConfiguration section */

/* Begin XCConfigurationList section */
		549AE62B24DA607E004C6F1E /* Build configuration list for PBXProject "TwitterClone" */ = {
			isa = XCConfigurationList;
			buildConfigurations = (
				549AE64224DA6080004C6F1E /* Debug */,
				549AE64324DA6080004C6F1E /* Release */,
			);
			defaultConfigurationIsVisible = 0;
			defaultConfigurationName = Release;
		};
		549AE64424DA6080004C6F1E /* Build configuration list for PBXNativeTarget "TwitterClone" */ = {
			isa = XCConfigurationList;
			buildConfigurations = (
				549AE64524DA6080004C6F1E /* Debug */,
				549AE64624DA6080004C6F1E /* Release */,
			);
			defaultConfigurationIsVisible = 0;
			defaultConfigurationName = Release;
		};
/* End XCConfigurationList section */
	};
	rootObject = 549AE62824DA607E004C6F1E /* Project object */;
}
